
Microsoft Visual Studio Solution File, Format Version 12.00
# Visual Studio Version 16
VisualStudioVersion = 16.0.29905.134
MinimumVisualStudioVersion = 10.0.40219.1
Project("{FAE04EC0-301F-11D3-BF4B-00C04F79EFBC}") = "SignalRDemo", "SignalRDemo\SignalRDemo.csproj", "{034E001A-D6BD-42AE-8970-F7F9A19580C3}"
EndProject
Global
	GlobalSection(SolutionConfigurationPlatforms) = preSolution
		Debug|Any CPU = Debug|Any CPU
		Release|Any CPU = Release|Any CPU
	EndGlobalSection
	GlobalSection(ProjectConfigurationPlatforms) = postSolution
		{034E001A-D6BD-42AE-8970-F7F9A19580C3}.Debug|Any CPU.ActiveCfg = Debug|Any CPU
		{034E001A-D6BD-42AE-8970-F7F9A19580C3}.Debug|Any CPU.Build.0 = Debug|Any CPU
		{034E001A-D6BD-42AE-8970-F7F9A19580C3}.Release|Any CPU.ActiveCfg = Release|Any CPU
		{034E001A-D6BD-42AE-8970-F7F9A19580C3}.Release|Any CPU.Build.0 = Release|Any CPU
	EndGlobalSection
	GlobalSection(SolutionProperties) = preSolution
		HideSolutionNode = FALSE
	EndGlobalSection
	GlobalSection(ExtensibilityGlobals) = postSolution
		SolutionGuid = {A7EB2DC6-E9ED-48AC-8DCC-197A0CD90555}
	EndGlobalSection
EndGlobal
